[ "cage": {:git,"https://github.com/yrashk/cage.git","2b5c640909ac29d7d29f35b2915d5fd9008d492f",[]},
  "cowboy": {:git,"https://github.com/extend/cowboy.git","1f9d71c3f5cbc2887a6f1362f5b8cd9b52b21390",[]},
  "eflow": {:git,"https://github.com/yrashk/eflow.git","d6ff6e16cfcde10e272720efae808d269c165b06",[]},
  "ranch": {:git,"https://github.com/extend/ranch.git","cd099983b1b807b87fa050d1e4ff0a13aba25b49",[]} ]